// !$*UTF8*$!
{
	archiveVersion = 1;
	classes = {
	};
	objectVersion = 46;
	objects = {

/* Begin PBXAggregateTarget section */
		553730551A0EE11C00DCE849 /* libressl */ = {
			isa = PBXAggregateTarget;
			buildConfigurationList = 553730561A0EE11C00DCE849 /* Build configuration list for PBXAggregateTarget "libressl" */;
			buildPhases = (
				553730591A0EE12300DCE849 /* Build libressl */,
			);
			dependencies = (
			);
			name = libressl;
			productName = libressl;
		};
/* End PBXAggregateTarget section */

/* Begin PBXBuildFile section */
		5528B46C1A0AD0A200A623E9 /* b64.c in Sources */ = {isa = PBXBuildFile; fileRef = 5528B45D1A0AD0A200A623E9 /* b64.c */; };
		5528B46D1A0AD0A200A623E9 /* crypto_scrypt-check.c in Sources */ = {isa = PBXBuildFile; fileRef = 5528B45F1A0AD0A200A623E9 /* crypto_scrypt-check.c */; };
		5528B46E1A0AD0A200A623E9 /* crypto_scrypt-hash.c in Sources */ = {isa = PBXBuildFile; fileRef = 5528B4601A0AD0A200A623E9 /* crypto_scrypt-hash.c */; };
		5528B46F1A0AD0A200A623E9 /* crypto_scrypt-hexconvert.c in Sources */ = {isa = PBXBuildFile; fileRef = 5528B4611A0AD0A200A623E9 /* crypto_scrypt-hexconvert.c */; };
		5528B4701A0AD0A200A623E9 /* crypto_scrypt-nosse.c in Sources */ = {isa = PBXBuildFile; fileRef = 5528B4631A0AD0A200A623E9 /* crypto_scrypt-nosse.c */; };
		5528B4711A0AD0A200A623E9 /* crypto-mcf.c in Sources */ = {isa = PBXBuildFile; fileRef = 5528B4641A0AD0A200A623E9 /* crypto-mcf.c */; };
		5528B4721A0AD0A200A623E9 /* crypto-scrypt-saltgen.c in Sources */ = {isa = PBXBuildFile; fileRef = 5528B4651A0AD0A200A623E9 /* crypto-scrypt-saltgen.c */; };
		5528B4731A0AD0A200A623E9 /* sha256.c in Sources */ = {isa = PBXBuildFile; fileRef = 5528B4671A0AD0A200A623E9 /* sha256.c */; };
		5528B4741A0AD0A200A623E9 /* slowequals.c in Sources */ = {isa = PBXBuildFile; fileRef = 5528B4691A0AD0A200A623E9 /* slowequals.c */; };
		55452BCD1A04537F00A87C59 /* main.cpp in Sources */ = {isa = PBXBuildFile; fileRef = 55452BCC1A04537F00A87C59 /* main.cpp */; };
		557A56AC1A049D0500F3519A /* main.cpp in Sources */ = {isa = PBXBuildFile; fileRef = 557A56AB1A049D0500F3519A /* main.cpp */; };
		557A56B21A04A15300F3519A /* eleven_session.cpp in Sources */ = {isa = PBXBuildFile; fileRef = 557A56B01A04A15300F3519A /* eleven_session.cpp */; };
		557A56B31A04A15300F3519A /* eleven_session.cpp in Sources */ = {isa = PBXBuildFile; fileRef = 557A56B01A04A15300F3519A /* eleven_session.cpp */; };
		557A56B71A04A53400F3519A /* eleven_chatclient.cpp in Sources */ = {isa = PBXBuildFile; fileRef = 557A56B41A04A53400F3519A /* eleven_chatclient.cpp */; };
		557A56BA1A0554D700F3519A /* eleven_users.cpp in Sources */ = {isa = PBXBuildFile; fileRef = 557A56B81A0554D700F3519A /* eleven_users.cpp */; };
		557A56DD1A05AB4800F3519A /* accounts.txt in CopyFiles */ = {isa = PBXBuildFile; fileRef = 557A56DC1A05AB2500F3519A /* accounts.txt */; };
		557A56E01A06006900F3519A /* eleven_channel.cpp in Sources */ = {isa = PBXBuildFile; fileRef = 557A56DE1A06006900F3519A /* eleven_channel.cpp */; };
		55A2EDFC1A04758E009C3087 /* eleven_chatserver.cpp in Sources */ = {isa = PBXBuildFile; fileRef = 55A2EDFA1A04758E009C3087 /* eleven_chatserver.cpp */; };
		55D4F24D1A1F2FF900C8CE53 /* ElevenServerPublicCertificate.pem in CopyFiles */ = {isa = PBXBuildFile; fileRef = 55D4F24B1A1F2FE500C8CE53 /* ElevenServerPublicCertificate.pem */; };
		55EF5A561A196969009B5755 /* ElevenServerCertificate.pem in CopyFiles */ = {isa = PBXBuildFile; fileRef = 55EF5A551A19694B009B5755 /* ElevenServerCertificate.pem */; };
		55EF5A5D1A19781F009B5755 /* eleven_ini_file.cpp in Sources */ = {isa = PBXBuildFile; fileRef = 55EF5A5B1A19781F009B5755 /* eleven_ini_file.cpp */; };
		55EF5A5E1A19781F009B5755 /* eleven_ini_file.cpp in Sources */ = {isa = PBXBuildFile; fileRef = 55EF5A5B1A19781F009B5755 /* eleven_ini_file.cpp */; };
		55EF5A601A198253009B5755 /* settings.ini in CopyFiles */ = {isa = PBXBuildFile; fileRef = 55EF5A5F1A19824C009B5755 /* settings.ini */; };
		55EF5A611A19825C009B5755 /* settings.ini in CopyFiles */ = {isa = PBXBuildFile; fileRef = 55EF5A5F1A19824C009B5755 /* settings.ini */; };
/* End PBXBuildFile section */

/* Begin PBXContainerItemProxy section */
		55DDAFA61A20A5C500DDC2ED /* PBXContainerItemProxy */ = {
			isa = PBXContainerItemProxy;
			containerPortal = 55452BC11A04537E00A87C59 /* Project object */;
			proxyType = 1;
			remoteGlobalIDString = 55452BC81A04537E00A87C59;
			remoteInfo = eleven_chatserver;
		};
/* End PBXContainerItemProxy section */

/* Begin PBXCopyFilesBuildPhase section */
		55452BC71A04537E00A87C59 /* CopyFiles */ = {
			isa = PBXCopyFilesBuildPhase;
			buildActionMask = 12;
			dstPath = "";
			dstSubfolderSpec = 16;
			files = (
				557A56DD1A05AB4800F3519A /* accounts.txt in CopyFiles */,
				55EF5A561A196969009B5755 /* ElevenServerCertificate.pem in CopyFiles */,
				55EF5A611A19825C009B5755 /* settings.ini in CopyFiles */,
			);
			runOnlyForDeploymentPostprocessing = 0;
		};
		557A56A71A049D0500F3519A /* CopyFiles */ = {
			isa = PBXCopyFilesBuildPhase;
			buildActionMask = 12;
			dstPath = "";
			dstSubfolderSpec = 16;
			files = (
				55EF5A601A198253009B5755 /* settings.ini in CopyFiles */,
				55D4F24D1A1F2FF900C8CE53 /* ElevenServerPublicCertificate.pem in CopyFiles */,
			);
			runOnlyForDeploymentPostprocessing = 0;
		};
/* End PBXCopyFilesBuildPhase section */

/* Begin PBXFileReference section */
		5528B45D1A0AD0A200A623E9 /* b64.c */ = {isa = PBXFileReference; fileEncoding = 4; lastKnownFileType = sourcecode.c.c; name = b64.c; path = libscrypt/b64.c; sourceTree = "<group>"; };
		5528B45E1A0AD0A200A623E9 /* b64.h */ = {isa = PBXFileReference; fileEncoding = 4; lastKnownFileType = sourcecode.c.h; name = b64.h; path = libscrypt/b64.h; sourceTree = "<group>"; };
		5528B45F1A0AD0A200A623E9 /* crypto_scrypt-check.c */ = {isa = PBXFileReference; fileEncoding = 4; lastKnownFileType = sourcecode.c.c; name = "crypto_scrypt-check.c"; path = "libscrypt/crypto_scrypt-check.c"; sourceTree = "<group>"; };
		5528B4601A0AD0A200A623E9 /* crypto_scrypt-hash.c */ = {isa = PBXFileReference; fileEncoding = 4; lastKnownFileType = sourcecode.c.c; name = "crypto_scrypt-hash.c"; path = "libscrypt/crypto_scrypt-hash.c"; sourceTree = "<group>"; };
		5528B4611A0AD0A200A623E9 /* crypto_scrypt-hexconvert.c */ = {isa = PBXFileReference; fileEncoding = 4; lastKnownFileType = sourcecode.c.c; name = "crypto_scrypt-hexconvert.c"; path = "libscrypt/crypto_scrypt-hexconvert.c"; sourceTree = "<group>"; };
		5528B4621A0AD0A200A623E9 /* crypto_scrypt-hexconvert.h */ = {isa = PBXFileReference; fileEncoding = 4; lastKnownFileType = sourcecode.c.h; name = "crypto_scrypt-hexconvert.h"; path = "libscrypt/crypto_scrypt-hexconvert.h"; sourceTree = "<group>"; };
		5528B4631A0AD0A200A623E9 /* crypto_scrypt-nosse.c */ = {isa = PBXFileReference; fileEncoding = 4; lastKnownFileType = sourcecode.c.c; name = "crypto_scrypt-nosse.c"; path = "libscrypt/crypto_scrypt-nosse.c"; sourceTree = "<group>"; };
		5528B4641A0AD0A200A623E9 /* crypto-mcf.c */ = {isa = PBXFileReference; fileEncoding = 4; lastKnownFileType = sourcecode.c.c; name = "crypto-mcf.c"; path = "libscrypt/crypto-mcf.c"; sourceTree = "<group>"; };
		5528B4651A0AD0A200A623E9 /* crypto-scrypt-saltgen.c */ = {isa = PBXFileReference; fileEncoding = 4; lastKnownFileType = sourcecode.c.c; name = "crypto-scrypt-saltgen.c"; path = "libscrypt/crypto-scrypt-saltgen.c"; sourceTree = "<group>"; };
		5528B4661A0AD0A200A623E9 /* libscrypt.h */ = {isa = PBXFileReference; fileEncoding = 4; lastKnownFileType = sourcecode.c.h; name = libscrypt.h; path = libscrypt/libscrypt.h; sourceTree = "<group>"; };
		5528B4671A0AD0A200A623E9 /* sha256.c */ = {isa = PBXFileReference; fileEncoding = 4; lastKnownFileType = sourcecode.c.c; name = sha256.c; path = libscrypt/sha256.c; sourceTree = "<group>"; };
		5528B4681A0AD0A200A623E9 /* sha256.h */ = {isa = PBXFileReference; fileEncoding = 4; lastKnownFileType = sourcecode.c.h; name = sha256.h; path = libscrypt/sha256.h; sourceTree = "<group>"; };
		5528B4691A0AD0A200A623E9 /* slowequals.c */ = {isa = PBXFileReference; fileEncoding = 4; lastKnownFileType = sourcecode.c.c; name = slowequals.c; path = libscrypt/slowequals.c; sourceTree = "<group>"; };
		5528B46A1A0AD0A200A623E9 /* slowequals.h */ = {isa = PBXFileReference; fileEncoding = 4; lastKnownFileType = sourcecode.c.h; name = slowequals.h; path = libscrypt/slowequals.h; sourceTree = "<group>"; };
		5528B46B1A0AD0A200A623E9 /* sysendian.h */ = {isa = PBXFileReference; fileEncoding = 4; lastKnownFileType = sourcecode.c.h; name = sysendian.h; path = libscrypt/sysendian.h; sourceTree = "<group>"; };
		5537305C1A0FDE4E00DCE849 /* libssl.a */ = {isa = PBXFileReference; lastKnownFileType = archive.ar; name = libssl.a; path = "libressl-portable/build/usr/local/lib/libssl.a"; sourceTree = "<group>"; };
		55447BB41A171D9F008FE0B3 /* libcrypto.a */ = {isa = PBXFileReference; lastKnownFileType = archive.ar; name = libcrypto.a; path = "libressl-portable/build/usr/local/lib/libcrypto.a"; sourceTree = SOURCE_ROOT; };
		55452BC91A04537E00A87C59 /* eleven_chatserver */ = {isa = PBXFileReference; explicitFileType = "compiled.mach-o.executable"; includeInIndex = 0; path = eleven_chatserver; sourceTree = BUILT_PRODUCTS_DIR; };
		55452BCC1A04537F00A87C59 /* main.cpp */ = {isa = PBXFileReference; lastKnownFileType = sourcecode.cpp.cpp; path = main.cpp; sourceTree = "<group>"; };
		557A56A91A049D0500F3519A /* eleven_chatclient */ = {isa = PBXFileReference; explicitFileType = "compiled.mach-o.executable"; includeInIndex = 0; path = eleven_chatclient; sourceTree = BUILT_PRODUCTS_DIR; };
		557A56AB1A049D0500F3519A /* main.cpp */ = {isa = PBXFileReference; lastKnownFileType = sourcecode.cpp.cpp; path = main.cpp; sourceTree = "<group>"; };
		557A56B01A04A15300F3519A /* eleven_session.cpp */ = {isa = PBXFileReference; fileEncoding = 4; lastKnownFileType = sourcecode.cpp.cpp; path = eleven_session.cpp; sourceTree = SOURCE_ROOT; };
		557A56B11A04A15300F3519A /* eleven_session.h */ = {isa = PBXFileReference; fileEncoding = 4; lastKnownFileType = sourcecode.c.h; path = eleven_session.h; sourceTree = SOURCE_ROOT; };
		557A56B41A04A53400F3519A /* eleven_chatclient.cpp */ = {isa = PBXFileReference; fileEncoding = 4; lastKnownFileType = sourcecode.cpp.cpp; path = eleven_chatclient.cpp; sourceTree = "<group>"; };
		557A56B51A04A53400F3519A /* eleven_chatclient.h */ = {isa = PBXFileReference; fileEncoding = 4; lastKnownFileType = sourcecode.c.h; path = eleven_chatclient.h; sourceTree = "<group>"; };
		557A56B81A0554D700F3519A /* eleven_users.cpp */ = {isa = PBXFileReference; fileEncoding = 4; lastKnownFileType = sourcecode.cpp.cpp; path = eleven_users.cpp; sourceTree = "<group>"; };
		557A56B91A0554D700F3519A /* eleven_users.h */ = {isa = PBXFileReference; fileEncoding = 4; lastKnownFileType = sourcecode.c.h; path = eleven_users.h; sourceTree = "<group>"; };
		557A56DC1A05AB2500F3519A /* accounts.txt */ = {isa = PBXFileReference; fileEncoding = 4; lastKnownFileType = text; path = accounts.txt; sourceTree = "<group>"; };
		557A56DE1A06006900F3519A /* eleven_channel.cpp */ = {isa = PBXFileReference; fileEncoding = 4; lastKnownFileType = sourcecode.cpp.cpp; path = eleven_channel.cpp; sourceTree = "<group>"; };
		557A56DF1A06006900F3519A /* eleven_channel.h */ = {isa = PBXFileReference; fileEncoding = 4; lastKnownFileType = sourcecode.c.h; path = eleven_channel.h; sourceTree = "<group>"; };
		55A2EDFA1A04758E009C3087 /* eleven_chatserver.cpp */ = {isa = PBXFileReference; fileEncoding = 4; lastKnownFileType = sourcecode.cpp.cpp; path = eleven_chatserver.cpp; sourceTree = "<group>"; };
		55A2EDFB1A04758E009C3087 /* eleven_chatserver.h */ = {isa = PBXFileReference; fileEncoding = 4; lastKnownFileType = sourcecode.c.h; path = eleven_chatserver.h; sourceTree = "<group>"; };
		55D4F24B1A1F2FE500C8CE53 /* ElevenServerPublicCertificate.pem */ = {isa = PBXFileReference; lastKnownFileType = text; name = ElevenServerPublicCertificate.pem; path = Certificates/ElevenServerPublicCertificate.pem; sourceTree = SOURCE_ROOT; };
		55EF5A551A19694B009B5755 /* ElevenServerCertificate.pem */ = {isa = PBXFileReference; fileEncoding = 4; lastKnownFileType = text; name = ElevenServerCertificate.pem; path = ../Certificates/ElevenServerCertificate.pem; sourceTree = "<group>"; };
		55EF5A5B1A19781F009B5755 /* eleven_ini_file.cpp */ = {isa = PBXFileReference; fileEncoding = 4; lastKnownFileType = sourcecode.cpp.cpp; path = eleven_ini_file.cpp; sourceTree = "<group>"; };
		55EF5A5C1A19781F009B5755 /* eleven_ini_file.h */ = {isa = PBXFileReference; fileEncoding = 4; lastKnownFileType = sourcecode.c.h; path = eleven_ini_file.h; sourceTree = "<group>"; };
		55EF5A5F1A19824C009B5755 /* settings.ini */ = {isa = PBXFileReference; lastKnownFileType = text; path = settings.ini; sourceTree = "<group>"; };
/* End PBXFileReference section */

/* Begin PBXFrameworksBuildPhase section */
		55452BC61A04537E00A87C59 /* Frameworks */ = {
			isa = PBXFrameworksBuildPhase;
			buildActionMask = 2147483647;
			files = (
			);
			runOnlyForDeploymentPostprocessing = 0;
		};
		557A56A61A049D0500F3519A /* Frameworks */ = {
			isa = PBXFrameworksBuildPhase;
			buildActionMask = 2147483647;
			files = (
			);
			runOnlyForDeploymentPostprocessing = 0;
		};
/* End PBXFrameworksBuildPhase section */

/* Begin PBXGroup section */
		55447BB71A17216F008FE0B3 /* Libraries */ = {
			isa = PBXGroup;
			children = (
				5537305C1A0FDE4E00DCE849 /* libssl.a */,
				55447BB41A171D9F008FE0B3 /* libcrypto.a */,
			);
			name = Libraries;
			sourceTree = "<group>";
		};
		55452BC01A04537E00A87C59 = {
			isa = PBXGroup;
			children = (
				55452BCB1A04537E00A87C59 /* eleven_chatserver */,
				557A56AA1A049D0500F3519A /* eleven_chatclient */,
				557A56B11A04A15300F3519A /* eleven_session.h */,
				557A56B01A04A15300F3519A /* eleven_session.cpp */,
				55EF5A5C1A19781F009B5755 /* eleven_ini_file.h */,
				55EF5A5B1A19781F009B5755 /* eleven_ini_file.cpp */,
				55447BB71A17216F008FE0B3 /* Libraries */,
				55452BCA1A04537E00A87C59 /* Products */,
			);
			sourceTree = "<group>";
		};
		55452BCA1A04537E00A87C59 /* Products */ = {
			isa = PBXGroup;
			children = (
				55452BC91A04537E00A87C59 /* eleven_chatserver */,
				557A56A91A049D0500F3519A /* eleven_chatclient */,
			);
			name = Products;
			sourceTree = "<group>";
		};
		55452BCB1A04537E00A87C59 /* eleven_chatserver */ = {
			isa = PBXGroup;
			children = (
				55452BCC1A04537F00A87C59 /* main.cpp */,
				55A2EDFB1A04758E009C3087 /* eleven_chatserver.h */,
				55A2EDFA1A04758E009C3087 /* eleven_chatserver.cpp */,
				557A56C81A056D8E00F3519A /* user management */,
				557A56DB1A057D8A00F3519A /* libscrypt */,
				55EF5A581A196CFE009B5755 /* Resources */,
			);
			path = eleven_chatserver;
			sourceTree = "<group>";
		};
		557A56AA1A049D0500F3519A /* eleven_chatclient */ = {
			isa = PBXGroup;
			children = (
				557A56AB1A049D0500F3519A /* main.cpp */,
				557A56B51A04A53400F3519A /* eleven_chatclient.h */,
				557A56B41A04A53400F3519A /* eleven_chatclient.cpp */,
				55D4F24C1A1F2FEA00C8CE53 /* Resources */,
			);
			path = eleven_chatclient;
			sourceTree = "<group>";
		};
		557A56C81A056D8E00F3519A /* user management */ = {
			isa = PBXGroup;
			children = (
				557A56B91A0554D700F3519A /* eleven_users.h */,
				557A56B81A0554D700F3519A /* eleven_users.cpp */,
				557A56DF1A06006900F3519A /* eleven_channel.h */,
				557A56DE1A06006900F3519A /* eleven_channel.cpp */,
			);
			name = "user management";
			sourceTree = "<group>";
		};
		557A56DB1A057D8A00F3519A /* libscrypt */ = {
			isa = PBXGroup;
			children = (
				5528B45D1A0AD0A200A623E9 /* b64.c */,
				5528B45E1A0AD0A200A623E9 /* b64.h */,
				5528B45F1A0AD0A200A623E9 /* crypto_scrypt-check.c */,
				5528B4601A0AD0A200A623E9 /* crypto_scrypt-hash.c */,
				5528B4611A0AD0A200A623E9 /* crypto_scrypt-hexconvert.c */,
				5528B4621A0AD0A200A623E9 /* crypto_scrypt-hexconvert.h */,
				5528B4631A0AD0A200A623E9 /* crypto_scrypt-nosse.c */,
				5528B4641A0AD0A200A623E9 /* crypto-mcf.c */,
				5528B4651A0AD0A200A623E9 /* crypto-scrypt-saltgen.c */,
				5528B4661A0AD0A200A623E9 /* libscrypt.h */,
				5528B4671A0AD0A200A623E9 /* sha256.c */,
				5528B4681A0AD0A200A623E9 /* sha256.h */,
				5528B4691A0AD0A200A623E9 /* slowequals.c */,
				5528B46A1A0AD0A200A623E9 /* slowequals.h */,
				5528B46B1A0AD0A200A623E9 /* sysendian.h */,
			);
			name = libscrypt;
			path = ..;
			sourceTree = "<group>";
		};
		55D4F24C1A1F2FEA00C8CE53 /* Resources */ = {
			isa = PBXGroup;
			children = (
				55D4F24B1A1F2FE500C8CE53 /* ElevenServerPublicCertificate.pem */,
			);
			name = Resources;
			sourceTree = "<group>";
		};
		55EF5A581A196CFE009B5755 /* Resources */ = {
			isa = PBXGroup;
			children = (
				55EF5A5F1A19824C009B5755 /* settings.ini */,
				557A56DC1A05AB2500F3519A /* accounts.txt */,
				55EF5A551A19694B009B5755 /* ElevenServerCertificate.pem */,
			);
			name = Resources;
			sourceTree = "<group>";
		};
/* End PBXGroup section */

/* Begin PBXNativeTarget section */
		55452BC81A04537E00A87C59 /* eleven_chatserver */ = {
			isa = PBXNativeTarget;
			buildConfigurationList = 55452BD01A04537F00A87C59 /* Build configuration list for PBXNativeTarget "eleven_chatserver" */;
			buildPhases = (
				55452BC51A04537E00A87C59 /* Sources */,
				55452BC61A04537E00A87C59 /* Frameworks */,
				55452BC71A04537E00A87C59 /* CopyFiles */,
			);
			buildRules = (
			);
			dependencies = (
			);
			name = eleven_chatserver;
			productName = eleven_chatserver;
			productReference = 55452BC91A04537E00A87C59 /* eleven_chatserver */;
			productType = "com.apple.product-type.tool";
		};
		557A56A81A049D0500F3519A /* eleven_chatclient */ = {
			isa = PBXNativeTarget;
			buildConfigurationList = 557A56AD1A049D0500F3519A /* Build configuration list for PBXNativeTarget "eleven_chatclient" */;
			buildPhases = (
				557A56A51A049D0500F3519A /* Sources */,
				557A56A61A049D0500F3519A /* Frameworks */,
				557A56A71A049D0500F3519A /* CopyFiles */,
			);
			buildRules = (
			);
			dependencies = (
				55DDAFA71A20A5C500DDC2ED /* PBXTargetDependency */,
			);
			name = eleven_chatclient;
			productName = eleven_chatclient;
			productReference = 557A56A91A049D0500F3519A /* eleven_chatclient */;
			productType = "com.apple.product-type.tool";
		};
/* End PBXNativeTarget section */

/* Begin PBXProject section */
		55452BC11A04537E00A87C59 /* Project object */ = {
			isa = PBXProject;
			attributes = {
				LastUpgradeCheck = 0610;
				ORGANIZATIONNAME = "Uli Kusterer";
				TargetAttributes = {
					553730551A0EE11C00DCE849 = {
						CreatedOnToolsVersion = 6.1;
					};
					55452BC81A04537E00A87C59 = {
						CreatedOnToolsVersion = 6.1;
					};
					557A56A81A049D0500F3519A = {
						CreatedOnToolsVersion = 6.1;
					};
				};
			};
			buildConfigurationList = 55452BC41A04537E00A87C59 /* Build configuration list for PBXProject "eleven" */;
			compatibilityVersion = "Xcode 3.2";
			developmentRegion = English;
			hasScannedForEncodings = 0;
			knownRegions = (
				en,
			);
			mainGroup = 55452BC01A04537E00A87C59;
			productRefGroup = 55452BCA1A04537E00A87C59 /* Products */;
			projectDirPath = "";
			projectRoot = "";
			targets = (
				55452BC81A04537E00A87C59 /* eleven_chatserver */,
				557A56A81A049D0500F3519A /* eleven_chatclient */,
				553730551A0EE11C00DCE849 /* libressl */,
			);
		};
/* End PBXProject section */

/* Begin PBXShellScriptBuildPhase section */
		553730591A0EE12300DCE849 /* Build libressl */ = {
			isa = PBXShellScriptBuildPhase;
			buildActionMask = 2147483647;
			files = (
			);
			inputPaths = (
				"$(SRCROOT)/libressl-portable/VERSION",
			);
			name = "Build libressl";
			outputPaths = (
				"$(SRCROOT)/libressl-portable/build/usr/local/lib/bin/libssl.a",
			);
			runOnlyForDeploymentPostprocessing = 0;
			shellPath = /bin/sh;
			shellScript = "export PATH=/usr/local/bin/:$PATH #pull in autoconf, automake and libtool from Brew\ncd \"${PROJECT_DIR}/libressl-portable/\"\n./autogen.sh\n./configure\nmake check\nmake install DESTDIR=\"${PROJECT_DIR}/libressl-portable/build/\"\n";
			showEnvVarsInLog = 0;
		};
/* End PBXShellScriptBuildPhase section */

/* Begin PBXSourcesBuildPhase section */
		55452BC51A04537E00A87C59 /* Sources */ = {
			isa = PBXSourcesBuildPhase;
			buildActionMask = 2147483647;
			files = (
				5528B4711A0AD0A200A623E9 /* crypto-mcf.c in Sources */,
				5528B46C1A0AD0A200A623E9 /* b64.c in Sources */,
				557A56E01A06006900F3519A /* eleven_channel.cpp in Sources */,
				5528B4731A0AD0A200A623E9 /* sha256.c in Sources */,
				5528B4701A0AD0A200A623E9 /* crypto_scrypt-nosse.c in Sources */,
				55452BCD1A04537F00A87C59 /* main.cpp in Sources */,
				5528B46E1A0AD0A200A623E9 /* crypto_scrypt-hash.c in Sources */,
				5528B4741A0AD0A200A623E9 /* slowequals.c in Sources */,
				557A56BA1A0554D700F3519A /* eleven_users.cpp in Sources */,
				5528B46D1A0AD0A200A623E9 /* crypto_scrypt-check.c in Sources */,
				55EF5A5D1A19781F009B5755 /* eleven_ini_file.cpp in Sources */,
				5528B46F1A0AD0A200A623E9 /* crypto_scrypt-hexconvert.c in Sources */,
				557A56B21A04A15300F3519A /* eleven_session.cpp in Sources */,
				5528B4721A0AD0A200A623E9 /* crypto-scrypt-saltgen.c in Sources */,
				55A2EDFC1A04758E009C3087 /* eleven_chatserver.cpp in Sources */,
			);
			runOnlyForDeploymentPostprocessing = 0;
		};
		557A56A51A049D0500F3519A /* Sources */ = {
			isa = PBXSourcesBuildPhase;
			buildActionMask = 2147483647;
			files = (
				557A56AC1A049D0500F3519A /* main.cpp in Sources */,
				55EF5A5E1A19781F009B5755 /* eleven_ini_file.cpp in Sources */,
				557A56B31A04A15300F3519A /* eleven_session.cpp in Sources */,
				557A56B71A04A53400F3519A /* eleven_chatclient.cpp in Sources */,
			);
			runOnlyForDeploymentPostprocessing = 0;
		};
/* End PBXSourcesBuildPhase section */

/* Begin PBXTargetDependency section */
		55DDAFA71A20A5C500DDC2ED /* PBXTargetDependency */ = {
			isa = PBXTargetDependency;
			target = 55452BC81A04537E00A87C59 /* eleven_chatserver */;
			targetProxy = 55DDAFA61A20A5C500DDC2ED /* PBXContainerItemProxy */;
		};
/* End PBXTargetDependency section */

/* Begin XCBuildConfiguration section */
		553730571A0EE11C00DCE849 /* Debug */ = {
			isa = XCBuildConfiguration;
			buildSettings = {
				PRODUCT_NAME = "$(TARGET_NAME)";
			};
			name = Debug;
		};
		553730581A0EE11C00DCE849 /* Release */ = {
			isa = XCBuildConfiguration;
			buildSettings = {
				PRODUCT_NAME = "$(TARGET_NAME)";
			};
			name = Release;
		};
		55452BCE1A04537F00A87C59 /* Debug */ = {
			isa = XCBuildConfiguration;
			buildSettings = {
				ALWAYS_SEARCH_USER_PATHS = NO;
				CLANG_CXX_LANGUAGE_STANDARD = "gnu++0x";
				CLANG_CXX_LIBRARY = "libc++";
				CLANG_ENABLE_MODULES = YES;
				CLANG_ENABLE_OBJC_ARC = YES;
				CLANG_WARN_BOOL_CONVERSION = YES;
				CLANG_WARN_CONSTANT_CONVERSION = YES;
				CLANG_WARN_DIRECT_OBJC_ISA_USAGE = YES_ERROR;
				CLANG_WARN_EMPTY_BODY = YES;
				CLANG_WARN_ENUM_CONVERSION = YES;
				CLANG_WARN_INT_CONVERSION = YES;
				CLANG_WARN_OBJC_ROOT_CLASS = YES_ERROR;
				CLANG_WARN_UNREACHABLE_CODE = YES;
				CLANG_WARN__DUPLICATE_METHOD_MATCH = YES;
				COPY_PHASE_STRIP = NO;
				ENABLE_STRICT_OBJC_MSGSEND = YES;
				GCC_C_LANGUAGE_STANDARD = gnu99;
				GCC_DYNAMIC_NO_PIC = NO;
				GCC_OPTIMIZATION_LEVEL = 0;
				GCC_PREPROCESSOR_DEFINITIONS = (
					"DEBUG=1",
					"$(inherited)",
				);
				GCC_SYMBOLS_PRIVATE_EXTERN = NO;
				GCC_WARN_64_TO_32_BIT_CONVERSION = YES;
				GCC_WARN_ABOUT_RETURN_TYPE = YES_ERROR;
				GCC_WARN_UNDECLARED_SELECTOR = YES;
				GCC_WARN_UNINITIALIZED_AUTOS = YES_AGGRESSIVE;
				GCC_WARN_UNUSED_FUNCTION = YES;
				GCC_WARN_UNUSED_VARIABLE = YES;
				MACOSX_DEPLOYMENT_TARGET = 10.10;
				MTL_ENABLE_DEBUG_INFO = YES;
				ONLY_ACTIVE_ARCH = YES;
				SDKROOT = macosx;
			};
			name = Debug;
		};
		55452BCF1A04537F00A87C59 /* Release */ = {
			isa = XCBuildConfiguration;
			buildSettings = {
				ALWAYS_SEARCH_USER_PATHS = NO;
				CLANG_CXX_LANGUAGE_STANDARD = "gnu++0x";
				CLANG_CXX_LIBRARY = "libc++";
				CLANG_ENABLE_MODULES = YES;
				CLANG_ENABLE_OBJC_ARC = YES;
				CLANG_WARN_BOOL_CONVERSION = YES;
				CLANG_WARN_CONSTANT_CONVERSION = YES;
				CLANG_WARN_DIRECT_OBJC_ISA_USAGE = YES_ERROR;
				CLANG_WARN_EMPTY_BODY = YES;
				CLANG_WARN_ENUM_CONVERSION = YES;
				CLANG_WARN_INT_CONVERSION = YES;
				CLANG_WARN_OBJC_ROOT_CLASS = YES_ERROR;
				CLANG_WARN_UNREACHABLE_CODE = YES;
				CLANG_WARN__DUPLICATE_METHOD_MATCH = YES;
				COPY_PHASE_STRIP = YES;
				DEBUG_INFORMATION_FORMAT = "dwarf-with-dsym";
				ENABLE_NS_ASSERTIONS = NO;
				ENABLE_STRICT_OBJC_MSGSEND = YES;
				GCC_C_LANGUAGE_STANDARD = gnu99;
				GCC_WARN_64_TO_32_BIT_CONVERSION = YES;
				GCC_WARN_ABOUT_RETURN_TYPE = YES_ERROR;
				GCC_WARN_UNDECLARED_SELECTOR = YES;
				GCC_WARN_UNINITIALIZED_AUTOS = YES_AGGRESSIVE;
				GCC_WARN_UNUSED_FUNCTION = YES;
				GCC_WARN_UNUSED_VARIABLE = YES;
				MACOSX_DEPLOYMENT_TARGET = 10.10;
				MTL_ENABLE_DEBUG_INFO = NO;
				SDKROOT = macosx;
			};
			name = Release;
		};
		55452BD11A04537F00A87C59 /* Debug */ = {
			isa = XCBuildConfiguration;
			buildSettings = {
				HEADER_SEARCH_PATHS = (
					"$(inherited)",
					/Applications/Xcode.app/Contents/Developer/Toolchains/XcodeDefault.xctoolchain/usr/include,
					"$(PROJECT_DIR)/libressl-portable/build/usr/local/include",
				);
				LIBRARY_SEARCH_PATHS = "$(inherited)";
				OTHER_LDFLAGS = (
					"${PROJECT_DIR}/libressl-portable/build/usr/local/lib/libcrypto.a",
					"${PROJECT_DIR}/libressl-portable/build/usr/local/lib/libssl.a",
				);
				PRODUCT_NAME = "$(TARGET_NAME)";
			};
			name = Debug;
		};
		55452BD21A04537F00A87C59 /* Release */ = {
			isa = XCBuildConfiguration;
			buildSettings = {
				HEADER_SEARCH_PATHS = (
					"$(inherited)",
					/Applications/Xcode.app/Contents/Developer/Toolchains/XcodeDefault.xctoolchain/usr/include,
					"$(PROJECT_DIR)/libressl-portable/build/usr/local/include",
				);
				LIBRARY_SEARCH_PATHS = "$(inherited)";
				OTHER_LDFLAGS = (
					"${PROJECT_DIR}/libressl-portable/build/usr/local/lib/libcrypto.a",
					"${PROJECT_DIR}/libressl-portable/build/usr/local/lib/libssl.a",
				);
				PRODUCT_NAME = "$(TARGET_NAME)";
			};
			name = Release;
		};
		557A56AE1A049D0500F3519A /* Debug */ = {
			isa = XCBuildConfiguration;
			buildSettings = {
				GCC_PREPROCESSOR_DEFINITIONS = (
					"DEBUG=1",
					"$(inherited)",
				);
				HEADER_SEARCH_PATHS = (
					"$(inherited)",
					/Applications/Xcode.app/Contents/Developer/Toolchains/XcodeDefault.xctoolchain/usr/include,
					"${PROJECT_DIR}/libressl-portable/build/usr/local/include/",
				);
				LIBRARY_SEARCH_PATHS = (
					"$(inherited)",
					"$(PROJECT_DIR)/libressl-portable/build/usr/local/lib",
				);
				OTHER_LDFLAGS = (
					"${PROJECT_DIR}/libressl-portable/build/usr/local/lib/libcrypto.a",
					"${PROJECT_DIR}/libressl-portable/build/usr/local/lib/libssl.a",
				);
				PRODUCT_NAME = "$(TARGET_NAME)";
			};
			name = Debug;
		};
		557A56AF1A049D0500F3519A /* Release */ = {
			isa = XCBuildConfiguration;
			buildSettings = {
				HEADER_SEARCH_PATHS = (
					"$(inherited)",
					/Applications/Xcode.app/Contents/Developer/Toolchains/XcodeDefault.xctoolchain/usr/include,
					"${PROJECT_DIR}/libressl-portable/build/usr/local/include/",
				);
				LIBRARY_SEARCH_PATHS = (
					"$(inherited)",
					"$(PROJECT_DIR)/libressl-portable/build/usr/local/lib",
				);
				OTHER_LDFLAGS = (
					"${PROJECT_DIR}/libressl-portable/build/usr/local/lib/libcrypto.a",
					"${PROJECT_DIR}/libressl-portable/build/usr/local/lib/libssl.a",
				);
				PRODUCT_NAME = "$(TARGET_NAME)";
			};
			name = Release;
		};
/* End XCBuildConfiguration section */

/* Begin XCConfigurationList section */
		553730561A0EE11C00DCE849 /* Build configuration list for PBXAggregateTarget "libressl" */ = {
			isa = XCConfigurationList;
			buildConfigurations = (
				553730571A0EE11C00DCE849 /* Debug */,
				553730581A0EE11C00DCE849 /* Release */,
			);
			defaultConfigurationIsVisible = 0;
			defaultConfigurationName = Release;
		};
		55452BC41A04537E00A87C59 /* Build configuration list for PBXProject "eleven" */ = {
			isa = XCConfigurationList;
			buildConfigurations = (
				55452BCE1A04537F00A87C59 /* Debug */,
				55452BCF1A04537F00A87C59 /* Release */,
			);
			defaultConfigurationIsVisible = 0;
			defaultConfigurationName = Release;
		};
		55452BD01A04537F00A87C59 /* Build configuration list for PBXNativeTarget "eleven_chatserver" */ = {
			isa = XCConfigurationList;
			buildConfigurations = (
				55452BD11A04537F00A87C59 /* Debug */,
				55452BD21A04537F00A87C59 /* Release */,
			);
			defaultConfigurationIsVisible = 0;
			defaultConfigurationName = Release;
		};
		557A56AD1A049D0500F3519A /* Build configuration list for PBXNativeTarget "eleven_chatclient" */ = {
			isa = XCConfigurationList;
			buildConfigurations = (
				557A56AE1A049D0500F3519A /* Debug */,
				557A56AF1A049D0500F3519A /* Release */,
			);
			defaultConfigurationIsVisible = 0;
			defaultConfigurationName = Release;
		};
/* End XCConfigurationList section */
	};
	rootObject = 55452BC11A04537E00A87C59 /* Project object */;
}
