// !$*UTF8*$!
{
	archiveVersion = 1;
	classes = {
	};
	objectVersion = 46;
	objects = {

/* Begin PBXBuildFile section */
		55452BCD1A04537F00A87C59 /* main.cpp in Sources */ = {isa = PBXBuildFile; fileRef = 55452BCC1A04537F00A87C59 /* main.cpp */; };
		55A2EDFC1A04758E009C3087 /* eleven_chatserver.cpp in Sources */ = {isa = PBXBuildFile; fileRef = 55A2EDFA1A04758E009C3087 /* eleven_chatserver.cpp */; };
/* End PBXBuildFile section */

/* Begin PBXCopyFilesBuildPhase section */
		55452BC71A04537E00A87C59 /* CopyFiles */ = {
			isa = PBXCopyFilesBuildPhase;
			buildActionMask = 2147483647;
			dstPath = /usr/share/man/man1/;
			dstSubfolderSpec = 0;
			files = (
			);
			runOnlyForDeploymentPostprocessing = 1;
		};
/* End PBXCopyFilesBuildPhase section */

/* Begin PBXFileReference section */
		55452BC91A04537E00A87C59 /* eleven_chatserver */ = {isa = PBXFileReference; explicitFileType = "compiled.mach-o.executable"; includeInIndex = 0; path = eleven_chatserver; sourceTree = BUILT_PRODUCTS_DIR; };
		55452BCC1A04537F00A87C59 /* main.cpp */ = {isa = PBXFileReference; lastKnownFileType = sourcecode.cpp.cpp; path = main.cpp; sourceTree = "<group>"; };
		55A2EDFA1A04758E009C3087 /* eleven_chatserver.cpp */ = {isa = PBXFileReference; fileEncoding = 4; lastKnownFileType = sourcecode.cpp.cpp; path = eleven_chatserver.cpp; sourceTree = "<group>"; };
		55A2EDFB1A04758E009C3087 /* eleven_chatserver.h */ = {isa = PBXFileReference; fileEncoding = 4; lastKnownFileType = sourcecode.c.h; path = eleven_chatserver.h; sourceTree = "<group>"; };
/* End PBXFileReference section */

/* Begin PBXFrameworksBuildPhase section */
		55452BC61A04537E00A87C59 /* Frameworks */ = {
			isa = PBXFrameworksBuildPhase;
			buildActionMask = 2147483647;
			files = (
			);
			runOnlyForDeploymentPostprocessing = 0;
		};
/* End PBXFrameworksBuildPhase section */

/* Begin PBXGroup section */
		55452BC01A04537E00A87C59 = {
			isa = PBXGroup;
			children = (
				55452BCB1A04537E00A87C59 /* eleven_chatserver */,
				55452BCA1A04537E00A87C59 /* Products */,
			);
			sourceTree = "<group>";
		};
		55452BCA1A04537E00A87C59 /* Products */ = {
			isa = PBXGroup;
			children = (
				55452BC91A04537E00A87C59 /* eleven_chatserver */,
			);
			name = Products;
			sourceTree = "<group>";
		};
		55452BCB1A04537E00A87C59 /* eleven_chatserver */ = {
			isa = PBXGroup;
			children = (
				55452BCC1A04537F00A87C59 /* main.cpp */,
				55A2EDFB1A04758E009C3087 /* eleven_chatserver.h */,
				55A2EDFA1A04758E009C3087 /* eleven_chatserver.cpp */,
			);
			path = eleven_chatserver;
			sourceTree = "<group>";
		};
/* End PBXGroup section */

/* Begin PBXNativeTarget section */
		55452BC81A04537E00A87C59 /* eleven_chatserver */ = {
			isa = PBXNativeTarget;
			buildConfigurationList = 55452BD01A04537F00A87C59 /* Build configuration list for PBXNativeTarget "eleven_chatserver" */;
			buildPhases = (
				55452BC51A04537E00A87C59 /* Sources */,
				55452BC61A04537E00A87C59 /* Frameworks */,
				55452BC71A04537E00A87C59 /* CopyFiles */,
			);
			buildRules = (
			);
			dependencies = (
			);
			name = eleven_chatserver;
			productName = eleven_chatserver;
			productReference = 55452BC91A04537E00A87C59 /* eleven_chatserver */;
			productType = "com.apple.product-type.tool";
		};
/* End PBXNativeTarget section */

/* Begin PBXProject section */
		55452BC11A04537E00A87C59 /* Project object */ = {
			isa = PBXProject;
			attributes = {
				LastUpgradeCheck = 0610;
				ORGANIZATIONNAME = "Uli Kusterer";
				TargetAttributes = {
					55452BC81A04537E00A87C59 = {
						CreatedOnToolsVersion = 6.1;
					};
				};
			};
			buildConfigurationList = 55452BC41A04537E00A87C59 /* Build configuration list for PBXProject "eleven" */;
			compatibilityVersion = "Xcode 3.2";
			developmentRegion = English;
			hasScannedForEncodings = 0;
			knownRegions = (
				en,
			);
			mainGroup = 55452BC01A04537E00A87C59;
			productRefGroup = 55452BCA1A04537E00A87C59 /* Products */;
			projectDirPath = "";
			projectRoot = "";
			targets = (
				55452BC81A04537E00A87C59 /* eleven_chatserver */,
			);
		};
/* End PBXProject section */

/* Begin PBXSourcesBuildPhase section */
		55452BC51A04537E00A87C59 /* Sources */ = {
			isa = PBXSourcesBuildPhase;
			buildActionMask = 2147483647;
			files = (
				55452BCD1A04537F00A87C59 /* main.cpp in Sources */,
				55A2EDFC1A04758E009C3087 /* eleven_chatserver.cpp in Sources */,
			);
			runOnlyForDeploymentPostprocessing = 0;
		};
/* End PBXSourcesBuildPhase section */

/* Begin XCBuildConfiguration section */
		55452BCE1A04537F00A87C59 /* Debug */ = {
			isa = XCBuildConfiguration;
			buildSettings = {
				ALWAYS_SEARCH_USER_PATHS = NO;
				CLANG_CXX_LANGUAGE_STANDARD = "gnu++0x";
				CLANG_CXX_LIBRARY = "libc++";
				CLANG_ENABLE_MODULES = YES;
				CLANG_ENABLE_OBJC_ARC = YES;
				CLANG_WARN_BOOL_CONVERSION = YES;
				CLANG_WARN_CONSTANT_CONVERSION = YES;
				CLANG_WARN_DIRECT_OBJC_ISA_USAGE = YES_ERROR;
				CLANG_WARN_EMPTY_BODY = YES;
				CLANG_WARN_ENUM_CONVERSION = YES;
				CLANG_WARN_INT_CONVERSION = YES;
				CLANG_WARN_OBJC_ROOT_CLASS = YES_ERROR;
				CLANG_WARN_UNREACHABLE_CODE = YES;
				CLANG_WARN__DUPLICATE_METHOD_MATCH = YES;
				COPY_PHASE_STRIP = NO;
				ENABLE_STRICT_OBJC_MSGSEND = YES;
				GCC_C_LANGUAGE_STANDARD = gnu99;
				GCC_DYNAMIC_NO_PIC = NO;
				GCC_OPTIMIZATION_LEVEL = 0;
				GCC_PREPROCESSOR_DEFINITIONS = (
					"DEBUG=1",
					"$(inherited)",
				);
				GCC_SYMBOLS_PRIVATE_EXTERN = NO;
				GCC_WARN_64_TO_32_BIT_CONVERSION = YES;
				GCC_WARN_ABOUT_RETURN_TYPE = YES_ERROR;
				GCC_WARN_UNDECLARED_SELECTOR = YES;
				GCC_WARN_UNINITIALIZED_AUTOS = YES_AGGRESSIVE;
				GCC_WARN_UNUSED_FUNCTION = YES;
				GCC_WARN_UNUSED_VARIABLE = YES;
				MACOSX_DEPLOYMENT_TARGET = 10.10;
				MTL_ENABLE_DEBUG_INFO = YES;
				ONLY_ACTIVE_ARCH = YES;
				SDKROOT = macosx;
			};
			name = Debug;
		};
		55452BCF1A04537F00A87C59 /* Release */ = {
			isa = XCBuildConfiguration;
			buildSettings = {
				ALWAYS_SEARCH_USER_PATHS = NO;
				CLANG_CXX_LANGUAGE_STANDARD = "gnu++0x";
				CLANG_CXX_LIBRARY = "libc++";
				CLANG_ENABLE_MODULES = YES;
				CLANG_ENABLE_OBJC_ARC = YES;
				CLANG_WARN_BOOL_CONVERSION = YES;
				CLANG_WARN_CONSTANT_CONVERSION = YES;
				CLANG_WARN_DIRECT_OBJC_ISA_USAGE = YES_ERROR;
				CLANG_WARN_EMPTY_BODY = YES;
				CLANG_WARN_ENUM_CONVERSION = YES;
				CLANG_WARN_INT_CONVERSION = YES;
				CLANG_WARN_OBJC_ROOT_CLASS = YES_ERROR;
				CLANG_WARN_UNREACHABLE_CODE = YES;
				CLANG_WARN__DUPLICATE_METHOD_MATCH = YES;
				COPY_PHASE_STRIP = YES;
				DEBUG_INFORMATION_FORMAT = "dwarf-with-dsym";
				ENABLE_NS_ASSERTIONS = NO;
				ENABLE_STRICT_OBJC_MSGSEND = YES;
				GCC_C_LANGUAGE_STANDARD = gnu99;
				GCC_WARN_64_TO_32_BIT_CONVERSION = YES;
				GCC_WARN_ABOUT_RETURN_TYPE = YES_ERROR;
				GCC_WARN_UNDECLARED_SELECTOR = YES;
				GCC_WARN_UNINITIALIZED_AUTOS = YES_AGGRESSIVE;
				GCC_WARN_UNUSED_FUNCTION = YES;
				GCC_WARN_UNUSED_VARIABLE = YES;
				MACOSX_DEPLOYMENT_TARGET = 10.10;
				MTL_ENABLE_DEBUG_INFO = NO;
				SDKROOT = macosx;
			};
			name = Release;
		};
		55452BD11A04537F00A87C59 /* Debug */ = {
			isa = XCBuildConfiguration;
			buildSettings = {
				PRODUCT_NAME = "$(TARGET_NAME)";
			};
			name = Debug;
		};
		55452BD21A04537F00A87C59 /* Release */ = {
			isa = XCBuildConfiguration;
			buildSettings = {
				PRODUCT_NAME = "$(TARGET_NAME)";
			};
			name = Release;
		};
/* End XCBuildConfiguration section */

/* Begin XCConfigurationList section */
		55452BC41A04537E00A87C59 /* Build configuration list for PBXProject "eleven" */ = {
			isa = XCConfigurationList;
			buildConfigurations = (
				55452BCE1A04537F00A87C59 /* Debug */,
				55452BCF1A04537F00A87C59 /* Release */,
			);
			defaultConfigurationIsVisible = 0;
			defaultConfigurationName = Release;
		};
		55452BD01A04537F00A87C59 /* Build configuration list for PBXNativeTarget "eleven_chatserver" */ = {
			isa = XCConfigurationList;
			buildConfigurations = (
				55452BD11A04537F00A87C59 /* Debug */,
				55452BD21A04537F00A87C59 /* Release */,
			);
			defaultConfigurationIsVisible = 0;
			defaultConfigurationName = Release;
		};
/* End XCConfigurationList section */
	};
	rootObject = 55452BC11A04537E00A87C59 /* Project object */;
}
